
Microsoft Visual Studio Solution File, Format Version 12.00
# Visual Studio Version 17
VisualStudioVersion = 17.7.34221.43
MinimumVisualStudioVersion = 10.0.40219.1
Project("{9A19103F-16F7-4668-BE54-9A1E7A4F7556}") = "BrcClient", "BrcClient\BrcClient.csproj", "{002CB639-FD9A-4AE1-9633-7C078B59A302}"
EndProject
Project("{9A19103F-16F7-4668-BE54-9A1E7A4F7556}") = "BrcServer", "BrcServer\BrcServer.csproj", "{28CC382B-2336-431F-A66C-23910D66E6FF}"
EndProject
Global
	GlobalSection(SolutionConfigurationPlatforms) = preSolution
		Debug|Any CPU = Debug|Any CPU
		Release|Any CPU = Release|Any CPU
	EndGlobalSection
	GlobalSection(ProjectConfigurationPlatforms) = postSolution
		{002CB639-FD9A-4AE1-9633-7C078B59A302}.Debug|Any CPU.ActiveCfg = Debug|Any CPU
		{002CB639-FD9A-4AE1-9633-7C078B59A302}.Debug|Any CPU.Build.0 = Debug|Any CPU
		{002CB639-FD9A-4AE1-9633-7C078B59A302}.Release|Any CPU.ActiveCfg = Release|Any CPU
		{002CB639-FD9A-4AE1-9633-7C078B59A302}.Release|Any CPU.Build.0 = Release|Any CPU
		{28CC382B-2336-431F-A66C-23910D66E6FF}.Debug|Any CPU.ActiveCfg = Debug|Any CPU
		{28CC382B-2336-431F-A66C-23910D66E6FF}.Debug|Any CPU.Build.0 = Debug|Any CPU
		{28CC382B-2336-431F-A66C-23910D66E6FF}.Release|Any CPU.ActiveCfg = Release|Any CPU
		{28CC382B-2336-431F-A66C-23910D66E6FF}.Release|Any CPU.Build.0 = Release|Any CPU
	EndGlobalSection
	GlobalSection(SolutionProperties) = preSolution
		HideSolutionNode = FALSE
	EndGlobalSection
	GlobalSection(ExtensibilityGlobals) = postSolution
		SolutionGuid = {8521470E-B55F-494D-AE47-A211080F836F}
	EndGlobalSection
EndGlobal
